{
  "name": "ai-pr",
  "lockfileVersion": 3,
  "requires": true,
  "packages": {
    "": {
      "dependencies": {
        "@dqbd/tiktoken": "^1.0.7"
      }
    },
    "node_modules/@dqbd/tiktoken": {
      "version": "1.0.7",
      "resolved": "https://registry.npmjs.org/@dqbd/tiktoken/-/tiktoken-1.0.7.tgz",
      "integrity": "sha512-bhR5k5W+8GLzysjk8zTMVygQZsgvf7W1F0IlL4ZQ5ugjo5rCyiwGM5d8DYriXspytfu98tv59niang3/T+FoDw=="
    }
  }
}
